{
  "name": "front-end",
  "version": "1.0.0",
  "lockfileVersion": 1,
  "requires": true,
  "dependencies": {
    "webpack": {
      "version": "4.29.6",
      "resolved": "http://registry.npm.taobao.org/webpack/download/webpack-4.29.6.tgz",
      "dev": true,
      "requires": {
        "acorn-dynamic-import": "^4.0.0",
        "chrome-trace-event": "^1.0.0",
        "memory-fs": "~0.4.1",
        "node-libs-browser": "^2.0.0",
        "tapable": "^1.1.0",
        "watchpack": "^1.5.0"
      },
      "dependencies": {
        "@webassemblyjs/ast": {
          "version": "http://registry.npm.taobao.org/@webassemblyjs/ast/download/@webassemblyjs/ast-1.8.5.tgz",
          "bundled": true,
          "dependencies": {
            "@webassemblyjs/helper-wasm-bytecode": {
              "version": "http://registry.npm.taobao.org/@webassemblyjs/helper-wasm-bytecode/download/@webassemblyjs/helper-wasm-bytecode-1.8.5.tgz",
              "bundled": true
            },
            "@webassemblyjs/wast-parser": {
              "version": "http://registry.npm.taobao.org/@webassemblyjs/wast-parser/download/@webassemblyjs/wast-parser-1.8.5.tgz",
              "bundled": true
            }
          }
        },
        "@webassemblyjs/helper-module-context": {
          "version": "http://registry.npm.taobao.org/@webassemblyjs/helper-module-context/download/@webassemblyjs/helper-module-context-1.8.5.tgz",
          "bundled": true
        },
        "@webassemblyjs/wasm-edit": {
          "version": "http://registry.npm.taobao.org/@webassemblyjs/wasm-edit/download/@webassemblyjs/wasm-edit-1.8.5.tgz",
          "bundled": true
        },
        "@webassemblyjs/wasm-parser": {
          "version": "http://registry.npm.taobao.org/@webassemblyjs/wasm-parser/download/@webassemblyjs/wasm-parser-1.8.5.tgz",
          "bundled": true
        },
        "acorn": {
          "version": "http://registry.npm.taobao.org/acorn/download/acorn-6.1.1.tgz",
          "bundled": true
        },
        "acorn-dynamic-import": {
          "version": "4.0.0",
          "resolved": "http://registry.npm.taobao.org/acorn-dynamic-import/download/acorn-dynamic-import-4.0.0.tgz",
          "integrity": "sha1-SCIQFAWCo2uDw+NC4c/ryqkkCUg=",
          "dev": true
        },
        "ajv": {
          "version": "http://registry.npm.taobao.org/ajv/download/ajv-6.10.0.tgz",
          "bundled": true
        },
        "ajv-keywords": {
          "version": "http://registry.npm.taobao.org/ajv-keywords/download/ajv-keywords-3.4.0.tgz",
          "bundled": true
        },
        "chrome-trace-event": {
          "version": "1.0.0",
          "resolved": "http://registry.npm.taobao.org/chrome-trace-event/download/chrome-trace-event-1.0.0.tgz",
          "integrity": "sha1-Rakb0sIMlBHwljtarrmhuV4JzEg=",
          "dev": true
        },
        "enhanced-resolve": {
          "version": "http://registry.npm.taobao.org/enhanced-resolve/download/enhanced-resolve-4.1.0.tgz",
          "bundled": true,
          "dependencies": {
            "graceful-fs": {
              "version": "http://registry.npm.taobao.org/graceful-fs/download/graceful-fs-4.1.15.tgz",
              "bundled": true
            }
          }
        },
        "eslint-scope": {
          "version": "http://registry.npm.taobao.org/eslint-scope/download/eslint-scope-4.0.2.tgz",
          "bundled": true
        },
        "json-parse-better-errors": {
          "version": "http://registry.npm.taobao.org/json-parse-better-errors/download/json-parse-better-errors-1.0.2.tgz",
          "bundled": true
        },
        "loader-runner": {
          "version": "http://registry.npm.taobao.org/loader-runner/download/loader-runner-2.4.0.tgz",
          "bundled": true
        },
        "loader-utils": {
          "version": "http://registry.npm.taobao.org/loader-utils/download/loader-utils-1.2.3.tgz",
          "bundled": true
        },
        "memory-fs": {
          "version": "0.4.1",
          "resolved": "http://registry.npm.taobao.org/memory-fs/download/memory-fs-0.4.1.tgz",
          "integrity": "sha1-OpoguEYlI+RHz7x+i7gO1me/xVI=",
          "dev": true
        },
        "micromatch": {
          "version": "http://registry.npm.taobao.org/micromatch/download/micromatch-3.1.10.tgz",
          "bundled": true,
          "dependencies": {
            "define-property": {
              "version": "http://registry.npm.taobao.org/define-property/download/define-property-2.0.2.tgz",
              "bundled": true
            },
            "extend-shallow": {
              "version": "http://registry.npm.taobao.org/extend-shallow/download/extend-shallow-3.0.2.tgz",
              "bundled": true,
              "dependencies": {
                "is-extendable": {
                  "version": "http://registry.npm.taobao.org/is-extendable/download/is-extendable-1.0.1.tgz",
                  "bundled": true,
                  "dependencies": {
                    "is-plain-object": {
                      "version": "http://registry.npm.taobao.org/is-plain-object/download/is-plain-object-2.0.4.tgz",
                      "dependencies": {
                        "isobject": {
                          "version": "http://registry.npm.taobao.org/isobject/download/isobject-3.0.1.tgz"
                        }
                      }
                    }
                  }
                }
              }
            },
            "kind-of": {
              "version": "http://registry.npm.taobao.org/kind-of/download/kind-of-6.0.2.tgz",
              "bundled": true
            }
          }
        },
        "mkdirp": {
          "version": "http://registry.npm.taobao.org/mkdirp/download/mkdirp-0.5.1.tgz",
          "bundled": true
        },
        "neo-async": {
          "version": "http://registry.npm.taobao.org/neo-async/download/neo-async-2.6.0.tgz",
          "bundled": true
        },
        "node-libs-browser": {
          "version": "2.2.0",
          "resolved": "http://registry.npm.taobao.org/node-libs-browser/download/node-libs-browser-2.2.0.tgz",
          "integrity": "sha1-xy9g2dRt4IqUDe27JfP/ovm7qnc=",
          "dev": true,
          "requires": {
            "punycode": "^1.2.4",
            "string_decoder": "^1.0.0"
          }
        },
        "punycode": {
          "version": "1.4.1",
          "resolved": "http://registry.npm.taobao.org/punycode/download/punycode-1.4.1.tgz",
          "integrity": "sha1-wNWmOycYgArY4esPpSachN1BhF4=",
          "dev": true
        },
        "safe-buffer": {
          "version": "5.1.2",
          "resolved": "http://registry.npm.taobao.org/safe-buffer/download/safe-buffer-5.1.2.tgz",
          "integrity": "sha1-mR7GnSluAxN0fVm9/St0XDX4go0=",
          "dev": true
        },
        "schema-utils": {
          "version": "http://registry.npm.taobao.org/schema-utils/download/schema-utils-1.0.0.tgz",
          "bundled": true
        },
        "string_decoder": {
          "version": "1.2.0",
          "resolved": "http://registry.npm.taobao.org/string_decoder/download/string_decoder-1.2.0.tgz",
          "integrity": "sha1-/obnOLGVRK/nBGkkOyoe6SQOro0=",
          "dev": true,
          "requires": {
            "safe-buffer": "~5.1.0"
          }
        },
        "tapable": {
          "version": "1.1.1",
          "resolved": "http://registry.npm.taobao.org/tapable/download/tapable-1.1.1.tgz",
          "integrity": "sha1-TSl5I8WnKkI2DeKrUtrfquwAAY4=",
          "dev": true
        },
        "terser-webpack-plugin": {
          "version": "http://registry.npm.taobao.org/terser-webpack-plugin/download/terser-webpack-plugin-1.2.3.tgz",
          "bundled": true,
          "dependencies": {
            "source-map": {
              "version": "http://registry.npm.taobao.org/source-map/download/source-map-0.6.1.tgz"
            }
          }
        },
        "watchpack": {
          "version": "1.6.0",
          "resolved": "http://registry.npm.taobao.org/watchpack/download/watchpack-1.6.0.tgz",
          "integrity": "sha1-S8EsLr6KonenHx0/FNaFx7RGzQA=",
          "dev": true
        },
        "webpack-sources": {
          "version": "http://registry.npm.taobao.org/webpack-sources/download/webpack-sources-1.3.0.tgz",
          "bundled": true
        }
      }
    },
    "webpack-cli": {
      "version": "3.2.3",
      "resolved": "http://registry.npm.taobao.org/webpack-cli/download/webpack-cli-3.2.3.tgz",
      "dev": true,
      "dependencies": {
        "chalk": {
          "version": "http://registry.npm.taobao.org/chalk/download/chalk-2.4.2.tgz",
          "bundled": true
        },
        "cross-spawn": {
          "version": "http://registry.npm.taobao.org/cross-spawn/download/cross-spawn-6.0.5.tgz",
          "bundled": true,
          "dependencies": {
            "nice-try": {
              "version": "http://registry.npm.taobao.org/nice-try/download/nice-try-1.0.5.tgz"
            },
            "path-key": {
              "version": "http://registry.npm.taobao.org/path-key/download/path-key-2.0.1.tgz"
            },
            "semver": {
              "version": "http://registry.npm.taobao.org/semver/download/semver-5.6.0.tgz"
            },
            "shebang-command": {
              "version": "http://registry.npm.taobao.org/shebang-command/download/shebang-command-1.2.0.tgz"
            },
            "which": {
              "version": "http://registry.npm.taobao.org/which/download/which-1.3.1.tgz",
              "dependencies": {
                "isexe": {
                  "version": "http://registry.npm.taobao.org/isexe/download/isexe-2.0.0.tgz",
                  "bundled": true
                }
              }
            }
          }
        },
        "enhanced-resolve": {
          "version": "http://registry.npm.taobao.org/enhanced-resolve/download/enhanced-resolve-4.1.0.tgz",
          "bundled": true
        },
        "findup-sync": {
          "version": "http://registry.npm.taobao.org/findup-sync/download/findup-sync-2.0.0.tgz",
          "bundled": true,
          "dependencies": {
            "detect-file": {
              "version": "http://registry.npm.taobao.org/detect-file/download/detect-file-1.0.0.tgz",
              "bundled": true
            },
            "is-glob": {
              "version": "http://registry.npm.taobao.org/is-glob/download/is-glob-3.1.0.tgz",
              "bundled": true
            },
            "micromatch": {
              "version": "http://registry.npm.taobao.org/micromatch/download/micromatch-3.1.10.tgz",
              "bundled": true,
              "dependencies": {
                "define-property": {
                  "version": "http://registry.npm.taobao.org/define-property/download/define-property-2.0.2.tgz",
                  "bundled": true
                },
                "extend-shallow": {
                  "version": "http://registry.npm.taobao.org/extend-shallow/download/extend-shallow-3.0.2.tgz",
                  "bundled": true,
                  "dependencies": {}
                },
                "kind-of": {
                  "version": "http://registry.npm.taobao.org/kind-of/download/kind-of-6.0.2.tgz",
                  "bundled": true
                }
              }
            },
            "resolve-dir": {
              "version": "http://registry.npm.taobao.org/resolve-dir/download/resolve-dir-1.0.1.tgz",
              "bundled": true
            }
          }
        },
        "global-modules": {
          "version": "http://registry.npm.taobao.org/global-modules/download/global-modules-1.0.0.tgz",
          "bundled": true
        },
        "import-local": {
          "version": "http://registry.npm.taobao.org/import-local/download/import-local-2.0.0.tgz",
          "bundled": true
        },
        "interpret": {
          "version": "http://registry.npm.taobao.org/interpret/download/interpret-1.2.0.tgz",
          "bundled": true
        },
        "loader-utils": {
          "version": "http://registry.npm.taobao.org/loader-utils/download/loader-utils-1.2.3.tgz",
          "bundled": true
        },
        "supports-color": {
          "version": "http://registry.npm.taobao.org/supports-color/download/supports-color-5.5.0.tgz",
          "bundled": true,
          "dependencies": {
            "has-flag": {
              "version": "http://registry.npm.taobao.org/has-flag/download/has-flag-3.0.0.tgz",
              "bundled": true
            }
          }
        },
        "v8-compile-cache": {
          "version": "http://registry.npm.taobao.org/v8-compile-cache/download/v8-compile-cache-2.0.2.tgz",
          "bundled": true
        },
        "yargs": {
          "version": "http://registry.npm.taobao.org/yargs/download/yargs-12.0.5.tgz",
          "bundled": true
        }
      }
    }
  }
}
